
Microsoft Visual Studio Solution File, Format Version 12.00
# Visual Studio 15
VisualStudioVersion = 15.0.28307.1321
MinimumVisualStudioVersion = 10.0.40219.1
Project("{FAE04EC0-301F-11D3-BF4B-00C04F79EFBC}") = "Challenge1", "Challenge1\Challenge1.csproj", "{1E351020-442E-431E-A1A8-666DFD8CC1A6}"
EndProject
Project("{FAE04EC0-301F-11D3-BF4B-00C04F79EFBC}") = "Challenge2", "Challenge2\Challenge2.csproj", "{3BB94771-5F34-4FCC-AA77-19322ECC0FEA}"
EndProject
Project("{FAE04EC0-301F-11D3-BF4B-00C04F79EFBC}") = "Challenge3", "Challenge3\Challenge3.csproj", "{9EAB0287-5CBA-44FA-ADEB-E208A99367FE}"
EndProject
Project("{FAE04EC0-301F-11D3-BF4B-00C04F79EFBC}") = "Challenge4", "Challenge4\Challenge4.csproj", "{EBCA0E58-40A6-4330-8B60-6A133E5AE76F}"
EndProject
Global
	GlobalSection(SolutionConfigurationPlatforms) = preSolution
		Debug|Any CPU = Debug|Any CPU
		Release|Any CPU = Release|Any CPU
	EndGlobalSection
	GlobalSection(ProjectConfigurationPlatforms) = postSolution
		{1E351020-442E-431E-A1A8-666DFD8CC1A6}.Debug|Any CPU.ActiveCfg = Debug|Any CPU
		{1E351020-442E-431E-A1A8-666DFD8CC1A6}.Debug|Any CPU.Build.0 = Debug|Any CPU
		{1E351020-442E-431E-A1A8-666DFD8CC1A6}.Release|Any CPU.ActiveCfg = Release|Any CPU
		{1E351020-442E-431E-A1A8-666DFD8CC1A6}.Release|Any CPU.Build.0 = Release|Any CPU
		{3BB94771-5F34-4FCC-AA77-19322ECC0FEA}.Debug|Any CPU.ActiveCfg = Debug|Any CPU
		{3BB94771-5F34-4FCC-AA77-19322ECC0FEA}.Debug|Any CPU.Build.0 = Debug|Any CPU
		{3BB94771-5F34-4FCC-AA77-19322ECC0FEA}.Release|Any CPU.ActiveCfg = Release|Any CPU
		{3BB94771-5F34-4FCC-AA77-19322ECC0FEA}.Release|Any CPU.Build.0 = Release|Any CPU
		{9EAB0287-5CBA-44FA-ADEB-E208A99367FE}.Debug|Any CPU.ActiveCfg = Debug|Any CPU
		{9EAB0287-5CBA-44FA-ADEB-E208A99367FE}.Debug|Any CPU.Build.0 = Debug|Any CPU
		{9EAB0287-5CBA-44FA-ADEB-E208A99367FE}.Release|Any CPU.ActiveCfg = Release|Any CPU
		{9EAB0287-5CBA-44FA-ADEB-E208A99367FE}.Release|Any CPU.Build.0 = Release|Any CPU
		{EBCA0E58-40A6-4330-8B60-6A133E5AE76F}.Debug|Any CPU.ActiveCfg = Debug|Any CPU
		{EBCA0E58-40A6-4330-8B60-6A133E5AE76F}.Debug|Any CPU.Build.0 = Debug|Any CPU
		{EBCA0E58-40A6-4330-8B60-6A133E5AE76F}.Release|Any CPU.ActiveCfg = Release|Any CPU
		{EBCA0E58-40A6-4330-8B60-6A133E5AE76F}.Release|Any CPU.Build.0 = Release|Any CPU
	EndGlobalSection
	GlobalSection(SolutionProperties) = preSolution
		HideSolutionNode = FALSE
	EndGlobalSection
	GlobalSection(ExtensibilityGlobals) = postSolution
		SolutionGuid = {C8A35319-794C-40D8-96A5-804F8A033484}
	EndGlobalSection
EndGlobal
